
Microsoft Visual Studio Solution File, Format Version 12.00
# Visual Studio 15
VisualStudioVersion = 15.0.28010.2016
MinimumVisualStudioVersion = 10.0.40219.1
Project("{9A19103F-16F7-4668-BE54-9A1E7A4F7556}") = "W3CService", "W3CService.csproj", "{DF885FA6-0E61-479F-B105-570FDFF8BC86}"
EndProject
Global
	GlobalSection(SolutionConfigurationPlatforms) = preSolution
		Debug|Any CPU = Debug|Any CPU
		Release|Any CPU = Release|Any CPU
	EndGlobalSection
	GlobalSection(ProjectConfigurationPlatforms) = postSolution
		{DF885FA6-0E61-479F-B105-570FDFF8BC86}.Debug|Any CPU.ActiveCfg = Debug|Any CPU
		{DF885FA6-0E61-479F-B105-570FDFF8BC86}.Debug|Any CPU.Build.0 = Debug|Any CPU
		{DF885FA6-0E61-479F-B105-570FDFF8BC86}.Release|Any CPU.ActiveCfg = Release|Any CPU
		{DF885FA6-0E61-479F-B105-570FDFF8BC86}.Release|Any CPU.Build.0 = Release|Any CPU
	EndGlobalSection
	GlobalSection(SolutionProperties) = preSolution
		HideSolutionNode = FALSE
	EndGlobalSection
	GlobalSection(ExtensibilityGlobals) = postSolution
		SolutionGuid = {5D8474F7-BF90-4AFF-A75C-88AACD9EEB60}
	EndGlobalSection
EndGlobal
